
Microsoft Visual Studio Solution File, Format Version 12.00
# Visual Studio Version 17
VisualStudioVersion = 17.4.33205.214
MinimumVisualStudioVersion = 10.0.40219.1
Project("{FAE04EC0-301F-11D3-BF4B-00C04F79EFBC}") = "Urok7_Zadacha1", "Urok7_Zadacha1\Urok7_Zadacha1.csproj", "{DD38937B-853E-4A41-87ED-0D3AA547A9EB}"
EndProject
Project("{FAE04EC0-301F-11D3-BF4B-00C04F79EFBC}") = "Zadacha_2", "Zadacha_2\Zadacha_2.csproj", "{B1DA494F-A2F4-4380-9E90-F60D5715A436}"
EndProject
Project("{FAE04EC0-301F-11D3-BF4B-00C04F79EFBC}") = "Zadacha_3", "Zadacha_3\Zadacha_3.csproj", "{89D5A997-53AF-4052-A041-8E156E525B4A}"
EndProject
Global
	GlobalSection(SolutionConfigurationPlatforms) = preSolution
		Debug|Any CPU = Debug|Any CPU
		Release|Any CPU = Release|Any CPU
	EndGlobalSection
	GlobalSection(ProjectConfigurationPlatforms) = postSolution
		{DD38937B-853E-4A41-87ED-0D3AA547A9EB}.Debug|Any CPU.ActiveCfg = Debug|Any CPU
		{DD38937B-853E-4A41-87ED-0D3AA547A9EB}.Debug|Any CPU.Build.0 = Debug|Any CPU
		{DD38937B-853E-4A41-87ED-0D3AA547A9EB}.Release|Any CPU.ActiveCfg = Release|Any CPU
		{DD38937B-853E-4A41-87ED-0D3AA547A9EB}.Release|Any CPU.Build.0 = Release|Any CPU
		{B1DA494F-A2F4-4380-9E90-F60D5715A436}.Debug|Any CPU.ActiveCfg = Debug|Any CPU
		{B1DA494F-A2F4-4380-9E90-F60D5715A436}.Debug|Any CPU.Build.0 = Debug|Any CPU
		{B1DA494F-A2F4-4380-9E90-F60D5715A436}.Release|Any CPU.ActiveCfg = Release|Any CPU
		{B1DA494F-A2F4-4380-9E90-F60D5715A436}.Release|Any CPU.Build.0 = Release|Any CPU
		{89D5A997-53AF-4052-A041-8E156E525B4A}.Debug|Any CPU.ActiveCfg = Debug|Any CPU
		{89D5A997-53AF-4052-A041-8E156E525B4A}.Debug|Any CPU.Build.0 = Debug|Any CPU
		{89D5A997-53AF-4052-A041-8E156E525B4A}.Release|Any CPU.ActiveCfg = Release|Any CPU
		{89D5A997-53AF-4052-A041-8E156E525B4A}.Release|Any CPU.Build.0 = Release|Any CPU
	EndGlobalSection
	GlobalSection(SolutionProperties) = preSolution
		HideSolutionNode = FALSE
	EndGlobalSection
	GlobalSection(ExtensibilityGlobals) = postSolution
		SolutionGuid = {166B56FB-B3ED-4C97-AB8E-1D14DF093F1F}
	EndGlobalSection
EndGlobal
