
Microsoft Visual Studio Solution File, Format Version 12.00
# Visual Studio Version 17
VisualStudioVersion = 17.4.33205.214
MinimumVisualStudioVersion = 10.0.40219.1
Project("{FAE04EC0-301F-11D3-BF4B-00C04F79EFBC}") = "Zadacha_1", "Zadacha_1\Zadacha_1.csproj", "{8177FEED-36C8-458E-9750-772CDC547233}"
EndProject
Project("{FAE04EC0-301F-11D3-BF4B-00C04F79EFBC}") = "Zadacha_2", "Zadacha_2\Zadacha_2.csproj", "{67149F97-B0D9-4779-AD11-AA1B0D78E7A8}"
EndProject
Project("{FAE04EC0-301F-11D3-BF4B-00C04F79EFBC}") = "Zadacha_3", "Zadacha_3\Zadacha_3.csproj", "{F13E4FF8-CE02-4370-BF13-07204655FA08}"
EndProject
Global
	GlobalSection(SolutionConfigurationPlatforms) = preSolution
		Debug|Any CPU = Debug|Any CPU
		Release|Any CPU = Release|Any CPU
	EndGlobalSection
	GlobalSection(ProjectConfigurationPlatforms) = postSolution
		{8177FEED-36C8-458E-9750-772CDC547233}.Debug|Any CPU.ActiveCfg = Debug|Any CPU
		{8177FEED-36C8-458E-9750-772CDC547233}.Debug|Any CPU.Build.0 = Debug|Any CPU
		{8177FEED-36C8-458E-9750-772CDC547233}.Release|Any CPU.ActiveCfg = Release|Any CPU
		{8177FEED-36C8-458E-9750-772CDC547233}.Release|Any CPU.Build.0 = Release|Any CPU
		{67149F97-B0D9-4779-AD11-AA1B0D78E7A8}.Debug|Any CPU.ActiveCfg = Debug|Any CPU
		{67149F97-B0D9-4779-AD11-AA1B0D78E7A8}.Debug|Any CPU.Build.0 = Debug|Any CPU
		{67149F97-B0D9-4779-AD11-AA1B0D78E7A8}.Release|Any CPU.ActiveCfg = Release|Any CPU
		{67149F97-B0D9-4779-AD11-AA1B0D78E7A8}.Release|Any CPU.Build.0 = Release|Any CPU
		{F13E4FF8-CE02-4370-BF13-07204655FA08}.Debug|Any CPU.ActiveCfg = Debug|Any CPU
		{F13E4FF8-CE02-4370-BF13-07204655FA08}.Debug|Any CPU.Build.0 = Debug|Any CPU
		{F13E4FF8-CE02-4370-BF13-07204655FA08}.Release|Any CPU.ActiveCfg = Release|Any CPU
		{F13E4FF8-CE02-4370-BF13-07204655FA08}.Release|Any CPU.Build.0 = Release|Any CPU
	EndGlobalSection
	GlobalSection(SolutionProperties) = preSolution
		HideSolutionNode = FALSE
	EndGlobalSection
	GlobalSection(ExtensibilityGlobals) = postSolution
		SolutionGuid = {03DA2C18-2495-477F-8723-3694221513D2}
	EndGlobalSection
EndGlobal
